
Microsoft Visual Studio Solution File, Format Version 12.00
# Visual Studio 14
VisualStudioVersion = 14.0.25420.1
MinimumVisualStudioVersion = 10.0.40219.1
Project("{FAE04EC0-301F-11D3-BF4B-00C04F79EFBC}") = "SST_LB02", "SST_LB02\SST_LB02.csproj", "{9EFE362B-6986-4EEE-9E07-FECBBA87DF3C}"
	ProjectSection(ProjectDependencies) = postProject
		{5D894F0E-E775-4E75-B34F-274F4DDF0B5E} = {5D894F0E-E775-4E75-B34F-274F4DDF0B5E}
		{FFB6A115-080C-47A1-B9B1-10C955147DF2} = {FFB6A115-080C-47A1-B9B1-10C955147DF2}
		{720F3921-9539-4149-BE77-2861CA5A4707} = {720F3921-9539-4149-BE77-2861CA5A4707}
		{5E9AB726-8F4A-43F0-B682-613F7262A458} = {5E9AB726-8F4A-43F0-B682-613F7262A458}
		{C04546EA-4F2A-4F4A-98B2-4C4B3F56972D} = {C04546EA-4F2A-4F4A-98B2-4C4B3F56972D}
		{C732E7F3-7D22-474F-8E08-99607DFA013B} = {C732E7F3-7D22-474F-8E08-99607DFA013B}
	EndProjectSection
EndProject
Project("{FAE04EC0-301F-11D3-BF4B-00C04F79EFBC}") = "XMLcurrencyExchangeWrapper", "CurrencyExchangeWrapper\XMLcurrencyExchangeWrapper.csproj", "{720F3921-9539-4149-BE77-2861CA5A4707}"
EndProject
Project("{FAE04EC0-301F-11D3-BF4B-00C04F79EFBC}") = "XMLcustomerWrapper", "XMLcontrolerWrapper\XMLcustomerWrapper.csproj", "{C04546EA-4F2A-4F4A-98B2-4C4B3F56972D}"
EndProject
Project("{FAE04EC0-301F-11D3-BF4B-00C04F79EFBC}") = "XMLloggingWrapper", "LoggingWrapper\XMLloggingWrapper.csproj", "{5D894F0E-E775-4E75-B34F-274F4DDF0B5E}"
EndProject
Project("{FAE04EC0-301F-11D3-BF4B-00C04F79EFBC}") = "XMLaccountWrapper", "XMLaccountWrapper\XMLaccountWrapper.csproj", "{5E9AB726-8F4A-43F0-B682-613F7262A458}"
EndProject
Project("{FAE04EC0-301F-11D3-BF4B-00C04F79EFBC}") = "XMLDataMaintenance", "XMLDataMaintenance\XMLDataMaintenance.csproj", "{FFB6A115-080C-47A1-B9B1-10C955147DF2}"
EndProject
Project("{FAE04EC0-301F-11D3-BF4B-00C04F79EFBC}") = "XMLtransactionWrapper", "XMLtransactionWrapper\XMLtransactionWrapper.csproj", "{C732E7F3-7D22-474F-8E08-99607DFA013B}"
EndProject
Global
	GlobalSection(SolutionConfigurationPlatforms) = preSolution
		Debug|Any CPU = Debug|Any CPU
		Debug|x86 = Debug|x86
		Release|Any CPU = Release|Any CPU
		Release|x86 = Release|x86
	EndGlobalSection
	GlobalSection(ProjectConfigurationPlatforms) = postSolution
		{9EFE362B-6986-4EEE-9E07-FECBBA87DF3C}.Debug|Any CPU.ActiveCfg = Debug|Any CPU
		{9EFE362B-6986-4EEE-9E07-FECBBA87DF3C}.Debug|Any CPU.Build.0 = Debug|Any CPU
		{9EFE362B-6986-4EEE-9E07-FECBBA87DF3C}.Debug|x86.ActiveCfg = Debug|x86
		{9EFE362B-6986-4EEE-9E07-FECBBA87DF3C}.Debug|x86.Build.0 = Debug|x86
		{9EFE362B-6986-4EEE-9E07-FECBBA87DF3C}.Release|Any CPU.ActiveCfg = Release|Any CPU
		{9EFE362B-6986-4EEE-9E07-FECBBA87DF3C}.Release|Any CPU.Build.0 = Release|Any CPU
		{9EFE362B-6986-4EEE-9E07-FECBBA87DF3C}.Release|x86.ActiveCfg = Release|x86
		{9EFE362B-6986-4EEE-9E07-FECBBA87DF3C}.Release|x86.Build.0 = Release|x86
		{720F3921-9539-4149-BE77-2861CA5A4707}.Debug|Any CPU.ActiveCfg = Debug|Any CPU
		{720F3921-9539-4149-BE77-2861CA5A4707}.Debug|Any CPU.Build.0 = Debug|Any CPU
		{720F3921-9539-4149-BE77-2861CA5A4707}.Debug|x86.ActiveCfg = Debug|x86
		{720F3921-9539-4149-BE77-2861CA5A4707}.Debug|x86.Build.0 = Debug|x86
		{720F3921-9539-4149-BE77-2861CA5A4707}.Release|Any CPU.ActiveCfg = Release|Any CPU
		{720F3921-9539-4149-BE77-2861CA5A4707}.Release|Any CPU.Build.0 = Release|Any CPU
		{720F3921-9539-4149-BE77-2861CA5A4707}.Release|x86.ActiveCfg = Release|x86
		{720F3921-9539-4149-BE77-2861CA5A4707}.Release|x86.Build.0 = Release|x86
		{C04546EA-4F2A-4F4A-98B2-4C4B3F56972D}.Debug|Any CPU.ActiveCfg = Debug|Any CPU
		{C04546EA-4F2A-4F4A-98B2-4C4B3F56972D}.Debug|Any CPU.Build.0 = Debug|Any CPU
		{C04546EA-4F2A-4F4A-98B2-4C4B3F56972D}.Debug|x86.ActiveCfg = Debug|Any CPU
		{C04546EA-4F2A-4F4A-98B2-4C4B3F56972D}.Debug|x86.Build.0 = Debug|Any CPU
		{C04546EA-4F2A-4F4A-98B2-4C4B3F56972D}.Release|Any CPU.ActiveCfg = Release|Any CPU
		{C04546EA-4F2A-4F4A-98B2-4C4B3F56972D}.Release|Any CPU.Build.0 = Release|Any CPU
		{C04546EA-4F2A-4F4A-98B2-4C4B3F56972D}.Release|x86.ActiveCfg = Release|Any CPU
		{C04546EA-4F2A-4F4A-98B2-4C4B3F56972D}.Release|x86.Build.0 = Release|Any CPU
		{5D894F0E-E775-4E75-B34F-274F4DDF0B5E}.Debug|Any CPU.ActiveCfg = Debug|Any CPU
		{5D894F0E-E775-4E75-B34F-274F4DDF0B5E}.Debug|Any CPU.Build.0 = Debug|Any CPU
		{5D894F0E-E775-4E75-B34F-274F4DDF0B5E}.Debug|x86.ActiveCfg = Debug|Any CPU
		{5D894F0E-E775-4E75-B34F-274F4DDF0B5E}.Debug|x86.Build.0 = Debug|Any CPU
		{5D894F0E-E775-4E75-B34F-274F4DDF0B5E}.Release|Any CPU.ActiveCfg = Release|Any CPU
		{5D894F0E-E775-4E75-B34F-274F4DDF0B5E}.Release|Any CPU.Build.0 = Release|Any CPU
		{5D894F0E-E775-4E75-B34F-274F4DDF0B5E}.Release|x86.ActiveCfg = Release|Any CPU
		{5D894F0E-E775-4E75-B34F-274F4DDF0B5E}.Release|x86.Build.0 = Release|Any CPU
		{5E9AB726-8F4A-43F0-B682-613F7262A458}.Debug|Any CPU.ActiveCfg = Debug|Any CPU
		{5E9AB726-8F4A-43F0-B682-613F7262A458}.Debug|Any CPU.Build.0 = Debug|Any CPU
		{5E9AB726-8F4A-43F0-B682-613F7262A458}.Debug|x86.ActiveCfg = Debug|Any CPU
		{5E9AB726-8F4A-43F0-B682-613F7262A458}.Debug|x86.Build.0 = Debug|Any CPU
		{5E9AB726-8F4A-43F0-B682-613F7262A458}.Release|Any CPU.ActiveCfg = Release|Any CPU
		{5E9AB726-8F4A-43F0-B682-613F7262A458}.Release|Any CPU.Build.0 = Release|Any CPU
		{5E9AB726-8F4A-43F0-B682-613F7262A458}.Release|x86.ActiveCfg = Release|Any CPU
		{5E9AB726-8F4A-43F0-B682-613F7262A458}.Release|x86.Build.0 = Release|Any CPU
		{FFB6A115-080C-47A1-B9B1-10C955147DF2}.Debug|Any CPU.ActiveCfg = Debug|Any CPU
		{FFB6A115-080C-47A1-B9B1-10C955147DF2}.Debug|Any CPU.Build.0 = Debug|Any CPU
		{FFB6A115-080C-47A1-B9B1-10C955147DF2}.Debug|x86.ActiveCfg = Debug|Any CPU
		{FFB6A115-080C-47A1-B9B1-10C955147DF2}.Debug|x86.Build.0 = Debug|Any CPU
		{FFB6A115-080C-47A1-B9B1-10C955147DF2}.Release|Any CPU.ActiveCfg = Release|Any CPU
		{FFB6A115-080C-47A1-B9B1-10C955147DF2}.Release|Any CPU.Build.0 = Release|Any CPU
		{FFB6A115-080C-47A1-B9B1-10C955147DF2}.Release|x86.ActiveCfg = Release|Any CPU
		{FFB6A115-080C-47A1-B9B1-10C955147DF2}.Release|x86.Build.0 = Release|Any CPU
		{C732E7F3-7D22-474F-8E08-99607DFA013B}.Debug|Any CPU.ActiveCfg = Debug|Any CPU
		{C732E7F3-7D22-474F-8E08-99607DFA013B}.Debug|Any CPU.Build.0 = Debug|Any CPU
		{C732E7F3-7D22-474F-8E08-99607DFA013B}.Debug|x86.ActiveCfg = Debug|Any CPU
		{C732E7F3-7D22-474F-8E08-99607DFA013B}.Debug|x86.Build.0 = Debug|Any CPU
		{C732E7F3-7D22-474F-8E08-99607DFA013B}.Release|Any CPU.ActiveCfg = Release|Any CPU
		{C732E7F3-7D22-474F-8E08-99607DFA013B}.Release|Any CPU.Build.0 = Release|Any CPU
		{C732E7F3-7D22-474F-8E08-99607DFA013B}.Release|x86.ActiveCfg = Release|Any CPU
		{C732E7F3-7D22-474F-8E08-99607DFA013B}.Release|x86.Build.0 = Release|Any CPU
	EndGlobalSection
	GlobalSection(SolutionProperties) = preSolution
		HideSolutionNode = FALSE
	EndGlobalSection
EndGlobal
